// !$*UTF8*$!
{
	archiveVersion = 1;
	classes = {
	};
	objectVersion = 56;
	objects = {

/* Begin PBXBuildFile section */
		A26DCCFC2BB6677400BA1DEF /* AppDelegate.swift in Sources */ = {isa = PBXBuildFile; fileRef = A26DCCFB2BB6677400BA1DEF /* AppDelegate.swift */; };
		A26DCCFE2BB6677400BA1DEF /* SceneDelegate.swift in Sources */ = {isa = PBXBuildFile; fileRef = A26DCCFD2BB6677400BA1DEF /* SceneDelegate.swift */; };
		A26DCD052BB6677600BA1DEF /* Assets.xcassets in Resources */ = {isa = PBXBuildFile; fileRef = A26DCD042BB6677600BA1DEF /* Assets.xcassets */; };
		A26DCD082BB6677600BA1DEF /* Base in Resources */ = {isa = PBXBuildFile; fileRef = A26DCD072BB6677600BA1DEF /* Base */; };
		A26DCD132BB6677700BA1DEF /* PokemonAPIsTests.swift in Sources */ = {isa = PBXBuildFile; fileRef = A26DCD122BB6677700BA1DEF /* PokemonAPIsTests.swift */; };
		A26DCD1D2BB6677700BA1DEF /* pokemonUITests.swift in Sources */ = {isa = PBXBuildFile; fileRef = A26DCD1C2BB6677700BA1DEF /* pokemonUITests.swift */; };
		A26DCD1F2BB6677700BA1DEF /* pokemonUITestsLaunchTests.swift in Sources */ = {isa = PBXBuildFile; fileRef = A26DCD1E2BB6677700BA1DEF /* pokemonUITestsLaunchTests.swift */; };
		A26DCD432BB7BC9500BA1DEF /* Kingfisher in Frameworks */ = {isa = PBXBuildFile; productRef = A26DCD422BB7BC9500BA1DEF /* Kingfisher */; };
		A26DCD462BB7BC9F00BA1DEF /* CombineMoya in Frameworks */ = {isa = PBXBuildFile; productRef = A26DCD452BB7BC9F00BA1DEF /* CombineMoya */; };
		A26DCD482BB7BC9F00BA1DEF /* Moya in Frameworks */ = {isa = PBXBuildFile; productRef = A26DCD472BB7BC9F00BA1DEF /* Moya */; };
		A26DCD4A2BB7BC9F00BA1DEF /* ReactiveMoya in Frameworks */ = {isa = PBXBuildFile; productRef = A26DCD492BB7BC9F00BA1DEF /* ReactiveMoya */; };
		A26DCD4C2BB7BC9F00BA1DEF /* RxMoya in Frameworks */ = {isa = PBXBuildFile; productRef = A26DCD4B2BB7BC9F00BA1DEF /* RxMoya */; };
		A26DCD502BB7BD0400BA1DEF /* PokemanService.swift in Sources */ = {isa = PBXBuildFile; fileRef = A26DCD4F2BB7BD0400BA1DEF /* PokemanService.swift */; };
		A26DCD522BB7BDB300BA1DEF /* URLDomain.swift in Sources */ = {isa = PBXBuildFile; fileRef = A26DCD512BB7BDB300BA1DEF /* URLDomain.swift */; };
		A26DCD542BB7CB1400BA1DEF /* CustomTargetType.swift in Sources */ = {isa = PBXBuildFile; fileRef = A26DCD532BB7CB1400BA1DEF /* CustomTargetType.swift */; };
		A26DCD572BB7CBB600BA1DEF /* PokemonAPIs.swift in Sources */ = {isa = PBXBuildFile; fileRef = A26DCD562BB7CBB600BA1DEF /* PokemonAPIs.swift */; };
		A26DCD5A2BB7CD0300BA1DEF /* Pokemon.swift in Sources */ = {isa = PBXBuildFile; fileRef = A26DCD592BB7CD0300BA1DEF /* Pokemon.swift */; };
		A26DCD982BB81C3000BA1DEF /* PokemonDetail.swift in Sources */ = {isa = PBXBuildFile; fileRef = A26DCD972BB81C3000BA1DEF /* PokemonDetail.swift */; };
		A26DCD9C2BB8F59B00BA1DEF /* PokemonListViewController.swift in Sources */ = {isa = PBXBuildFile; fileRef = A26DCD9B2BB8F59B00BA1DEF /* PokemonListViewController.swift */; };
		A26DCD9F2BB8F5F500BA1DEF /* PokemonListViewModel.swift in Sources */ = {isa = PBXBuildFile; fileRef = A26DCD9E2BB8F5F500BA1DEF /* PokemonListViewModel.swift */; };
		A26DCDA32BB8FD9700BA1DEF /* PokemonListTableViewCell.xib in Resources */ = {isa = PBXBuildFile; fileRef = A26DCDA22BB8FD9700BA1DEF /* PokemonListTableViewCell.xib */; };
		A26DCDA42BB8FD9700BA1DEF /* PokemonListTableViewCell.swift in Sources */ = {isa = PBXBuildFile; fileRef = A26DCDA12BB8FD9700BA1DEF /* PokemonListTableViewCell.swift */; };
		A26DCDA62BB9621100BA1DEF /* PokemonListViewModelTests.swift in Sources */ = {isa = PBXBuildFile; fileRef = A26DCDA52BB9621100BA1DEF /* PokemonListViewModelTests.swift */; };
		A26DCDA92BB96DE300BA1DEF /* MJRefresh in Frameworks */ = {isa = PBXBuildFile; productRef = A26DCDA82BB96DE300BA1DEF /* MJRefresh */; };
		A26DCDB02BB9825600BA1DEF /* PokemonDetailViewController.xib in Resources */ = {isa = PBXBuildFile; fileRef = A26DCDAF2BB9825600BA1DEF /* PokemonDetailViewController.xib */; };
		A26DCDB12BB9825600BA1DEF /* PokemonDetailViewController.swift in Sources */ = {isa = PBXBuildFile; fileRef = A26DCDAE2BB9825600BA1DEF /* PokemonDetailViewController.swift */; };
		A26DCDB32BB984EE00BA1DEF /* PokemonDetailViewModel.swift in Sources */ = {isa = PBXBuildFile; fileRef = A26DCDB22BB984EE00BA1DEF /* PokemonDetailViewModel.swift */; };
		A26DCDB52BB99E1000BA1DEF /* ApplicationCoordinator.swift in Sources */ = {isa = PBXBuildFile; fileRef = A26DCDB42BB99E1000BA1DEF /* ApplicationCoordinator.swift */; };
		A26DCDB72BB9A01D00BA1DEF /* PokemonListCoordinator.swift in Sources */ = {isa = PBXBuildFile; fileRef = A26DCDB62BB9A01D00BA1DEF /* PokemonListCoordinator.swift */; };
		A26DCDB92BB9A32100BA1DEF /* PokemonDetailCoordinator.swift in Sources */ = {isa = PBXBuildFile; fileRef = A26DCDB82BB9A32100BA1DEF /* PokemonDetailCoordinator.swift */; };
		A26DCDBC2BBABFE900BA1DEF /* Pokemon.xcdatamodeld in Sources */ = {isa = PBXBuildFile; fileRef = A26DCDBA2BBABFE900BA1DEF /* Pokemon.xcdatamodeld */; };
		A26DCDBF2BBAC04700BA1DEF /* DataService.swift in Sources */ = {isa = PBXBuildFile; fileRef = A26DCDBE2BBAC04700BA1DEF /* DataService.swift */; };
/* End PBXBuildFile section */

/* Begin PBXContainerItemProxy section */
		A26DCD0F2BB6677600BA1DEF /* PBXContainerItemProxy */ = {
			isa = PBXContainerItemProxy;
			containerPortal = A26DCCF02BB6677400BA1DEF /* Project object */;
			proxyType = 1;
			remoteGlobalIDString = A26DCCF72BB6677400BA1DEF;
			remoteInfo = pokemon;
		};
		A26DCD192BB6677700BA1DEF /* PBXContainerItemProxy */ = {
			isa = PBXContainerItemProxy;
			containerPortal = A26DCCF02BB6677400BA1DEF /* Project object */;
			proxyType = 1;
			remoteGlobalIDString = A26DCCF72BB6677400BA1DEF;
			remoteInfo = pokemon;
		};
/* End PBXContainerItemProxy section */

/* Begin PBXFileReference section */
		A26DCCF82BB6677400BA1DEF /* pokemon.app */ = {isa = PBXFileReference; explicitFileType = wrapper.application; includeInIndex = 0; path = pokemon.app; sourceTree = BUILT_PRODUCTS_DIR; };
		A26DCCFB2BB6677400BA1DEF /* AppDelegate.swift */ = {isa = PBXFileReference; lastKnownFileType = sourcecode.swift; path = AppDelegate.swift; sourceTree = "<group>"; };
		A26DCCFD2BB6677400BA1DEF /* SceneDelegate.swift */ = {isa = PBXFileReference; lastKnownFileType = sourcecode.swift; path = SceneDelegate.swift; sourceTree = "<group>"; };
		A26DCD042BB6677600BA1DEF /* Assets.xcassets */ = {isa = PBXFileReference; lastKnownFileType = folder.assetcatalog; path = Assets.xcassets; sourceTree = "<group>"; };
		A26DCD072BB6677600BA1DEF /* Base */ = {isa = PBXFileReference; lastKnownFileType = file.storyboard; name = Base; path = Base.lproj/LaunchScreen.storyboard; sourceTree = "<group>"; };
		A26DCD092BB6677600BA1DEF /* Info.plist */ = {isa = PBXFileReference; lastKnownFileType = text.plist.xml; path = Info.plist; sourceTree = "<group>"; };
		A26DCD0E2BB6677600BA1DEF /* pokemonTests.xctest */ = {isa = PBXFileReference; explicitFileType = wrapper.cfbundle; includeInIndex = 0; path = pokemonTests.xctest; sourceTree = BUILT_PRODUCTS_DIR; };
		A26DCD122BB6677700BA1DEF /* PokemonAPIsTests.swift */ = {isa = PBXFileReference; lastKnownFileType = sourcecode.swift; path = PokemonAPIsTests.swift; sourceTree = "<group>"; };
		A26DCD182BB6677700BA1DEF /* pokemonUITests.xctest */ = {isa = PBXFileReference; explicitFileType = wrapper.cfbundle; includeInIndex = 0; path = pokemonUITests.xctest; sourceTree = BUILT_PRODUCTS_DIR; };
		A26DCD1C2BB6677700BA1DEF /* pokemonUITests.swift */ = {isa = PBXFileReference; lastKnownFileType = sourcecode.swift; path = pokemonUITests.swift; sourceTree = "<group>"; };
		A26DCD1E2BB6677700BA1DEF /* pokemonUITestsLaunchTests.swift */ = {isa = PBXFileReference; lastKnownFileType = sourcecode.swift; path = pokemonUITestsLaunchTests.swift; sourceTree = "<group>"; };
		A26DCD4F2BB7BD0400BA1DEF /* PokemanService.swift */ = {isa = PBXFileReference; lastKnownFileType = sourcecode.swift; path = PokemanService.swift; sourceTree = "<group>"; };
		A26DCD512BB7BDB300BA1DEF /* URLDomain.swift */ = {isa = PBXFileReference; lastKnownFileType = sourcecode.swift; path = URLDomain.swift; sourceTree = "<group>"; };
		A26DCD532BB7CB1400BA1DEF /* CustomTargetType.swift */ = {isa = PBXFileReference; lastKnownFileType = sourcecode.swift; path = CustomTargetType.swift; sourceTree = "<group>"; };
		A26DCD562BB7CBB600BA1DEF /* PokemonAPIs.swift */ = {isa = PBXFileReference; lastKnownFileType = sourcecode.swift; path = PokemonAPIs.swift; sourceTree = "<group>"; };
		A26DCD592BB7CD0300BA1DEF /* Pokemon.swift */ = {isa = PBXFileReference; lastKnownFileType = sourcecode.swift; path = Pokemon.swift; sourceTree = "<group>"; };
		A26DCD972BB81C3000BA1DEF /* PokemonDetail.swift */ = {isa = PBXFileReference; lastKnownFileType = sourcecode.swift; path = PokemonDetail.swift; sourceTree = "<group>"; };
		A26DCD9B2BB8F59B00BA1DEF /* PokemonListViewController.swift */ = {isa = PBXFileReference; lastKnownFileType = sourcecode.swift; path = PokemonListViewController.swift; sourceTree = "<group>"; };
		A26DCD9E2BB8F5F500BA1DEF /* PokemonListViewModel.swift */ = {isa = PBXFileReference; lastKnownFileType = sourcecode.swift; path = PokemonListViewModel.swift; sourceTree = "<group>"; };
		A26DCDA12BB8FD9700BA1DEF /* PokemonListTableViewCell.swift */ = {isa = PBXFileReference; lastKnownFileType = sourcecode.swift; path = PokemonListTableViewCell.swift; sourceTree = "<group>"; };
		A26DCDA22BB8FD9700BA1DEF /* PokemonListTableViewCell.xib */ = {isa = PBXFileReference; lastKnownFileType = file.xib; path = PokemonListTableViewCell.xib; sourceTree = "<group>"; };
		A26DCDA52BB9621100BA1DEF /* PokemonListViewModelTests.swift */ = {isa = PBXFileReference; lastKnownFileType = sourcecode.swift; path = PokemonListViewModelTests.swift; sourceTree = "<group>"; };
		A26DCDAE2BB9825600BA1DEF /* PokemonDetailViewController.swift */ = {isa = PBXFileReference; lastKnownFileType = sourcecode.swift; path = PokemonDetailViewController.swift; sourceTree = "<group>"; };
		A26DCDAF2BB9825600BA1DEF /* PokemonDetailViewController.xib */ = {isa = PBXFileReference; lastKnownFileType = file.xib; path = PokemonDetailViewController.xib; sourceTree = "<group>"; };
		A26DCDB22BB984EE00BA1DEF /* PokemonDetailViewModel.swift */ = {isa = PBXFileReference; lastKnownFileType = sourcecode.swift; path = PokemonDetailViewModel.swift; sourceTree = "<group>"; };
		A26DCDB42BB99E1000BA1DEF /* ApplicationCoordinator.swift */ = {isa = PBXFileReference; lastKnownFileType = sourcecode.swift; path = ApplicationCoordinator.swift; sourceTree = "<group>"; };
		A26DCDB62BB9A01D00BA1DEF /* PokemonListCoordinator.swift */ = {isa = PBXFileReference; lastKnownFileType = sourcecode.swift; path = PokemonListCoordinator.swift; sourceTree = "<group>"; };
		A26DCDB82BB9A32100BA1DEF /* PokemonDetailCoordinator.swift */ = {isa = PBXFileReference; lastKnownFileType = sourcecode.swift; path = PokemonDetailCoordinator.swift; sourceTree = "<group>"; };
		A26DCDBB2BBABFE900BA1DEF /* Pokemon.xcdatamodel */ = {isa = PBXFileReference; lastKnownFileType = wrapper.xcdatamodel; path = Pokemon.xcdatamodel; sourceTree = "<group>"; };
		A26DCDBE2BBAC04700BA1DEF /* DataService.swift */ = {isa = PBXFileReference; lastKnownFileType = sourcecode.swift; path = DataService.swift; sourceTree = "<group>"; };
/* End PBXFileReference section */

/* Begin PBXFrameworksBuildPhase section */
		A26DCCF52BB6677400BA1DEF /* Frameworks */ = {
			isa = PBXFrameworksBuildPhase;
			buildActionMask = 2147483647;
			files = (
				A26DCD4C2BB7BC9F00BA1DEF /* RxMoya in Frameworks */,
				A26DCDA92BB96DE300BA1DEF /* MJRefresh in Frameworks */,
				A26DCD462BB7BC9F00BA1DEF /* CombineMoya in Frameworks */,
				A26DCD4A2BB7BC9F00BA1DEF /* ReactiveMoya in Frameworks */,
				A26DCD432BB7BC9500BA1DEF /* Kingfisher in Frameworks */,
				A26DCD482BB7BC9F00BA1DEF /* Moya in Frameworks */,
			);
			runOnlyForDeploymentPostprocessing = 0;
		};
		A26DCD0B2BB6677600BA1DEF /* Frameworks */ = {
			isa = PBXFrameworksBuildPhase;
			buildActionMask = 2147483647;
			files = (
			);
			runOnlyForDeploymentPostprocessing = 0;
		};
		A26DCD152BB6677700BA1DEF /* Frameworks */ = {
			isa = PBXFrameworksBuildPhase;
			buildActionMask = 2147483647;
			files = (
			);
			runOnlyForDeploymentPostprocessing = 0;
		};
/* End PBXFrameworksBuildPhase section */

/* Begin PBXGroup section */
		A26DCCEF2BB6677400BA1DEF = {
			isa = PBXGroup;
			children = (
				A26DCCFA2BB6677400BA1DEF /* pokemon */,
				A26DCD112BB6677700BA1DEF /* pokemonTests */,
				A26DCD1B2BB6677700BA1DEF /* pokemonUITests */,
				A26DCCF92BB6677400BA1DEF /* Products */,
			);
			sourceTree = "<group>";
		};
		A26DCCF92BB6677400BA1DEF /* Products */ = {
			isa = PBXGroup;
			children = (
				A26DCCF82BB6677400BA1DEF /* pokemon.app */,
				A26DCD0E2BB6677600BA1DEF /* pokemonTests.xctest */,
				A26DCD182BB6677700BA1DEF /* pokemonUITests.xctest */,
			);
			name = Products;
			sourceTree = "<group>";
		};
		A26DCCFA2BB6677400BA1DEF /* pokemon */ = {
			isa = PBXGroup;
			children = (
				A26DCDBA2BBABFE900BA1DEF /* Pokemon.xcdatamodeld */,
				A26DCD992BB82C5600BA1DEF /* Application */,
				A26DCD9A2BB8F48200BA1DEF /* Scene */,
				A26DCD582BB7CCCE00BA1DEF /* Model */,
				A26DCD4E2BB7BCEA00BA1DEF /* Network */,
				A26DCDBD2BBAC03400BA1DEF /* Shared */,
				A26DCD042BB6677600BA1DEF /* Assets.xcassets */,
				A26DCD062BB6677600BA1DEF /* LaunchScreen.storyboard */,
				A26DCD092BB6677600BA1DEF /* Info.plist */,
			);
			path = pokemon;
			sourceTree = "<group>";
		};
		A26DCD112BB6677700BA1DEF /* pokemonTests */ = {
			isa = PBXGroup;
			children = (
				A26DCD122BB6677700BA1DEF /* PokemonAPIsTests.swift */,
				A26DCDA52BB9621100BA1DEF /* PokemonListViewModelTests.swift */,
			);
			path = pokemonTests;
			sourceTree = "<group>";
		};
		A26DCD1B2BB6677700BA1DEF /* pokemonUITests */ = {
			isa = PBXGroup;
			children = (
				A26DCD1C2BB6677700BA1DEF /* pokemonUITests.swift */,
				A26DCD1E2BB6677700BA1DEF /* pokemonUITestsLaunchTests.swift */,
			);
			path = pokemonUITests;
			sourceTree = "<group>";
		};
		A26DCD4E2BB7BCEA00BA1DEF /* Network */ = {
			isa = PBXGroup;
			children = (
				A26DCD552BB7CB9600BA1DEF /* Common */,
				A26DCD4F2BB7BD0400BA1DEF /* PokemanService.swift */,
				A26DCD562BB7CBB600BA1DEF /* PokemonAPIs.swift */,
			);
			path = Network;
			sourceTree = "<group>";
		};
		A26DCD552BB7CB9600BA1DEF /* Common */ = {
			isa = PBXGroup;
			children = (
				A26DCD512BB7BDB300BA1DEF /* URLDomain.swift */,
				A26DCD532BB7CB1400BA1DEF /* CustomTargetType.swift */,
			);
			path = Common;
			sourceTree = "<group>";
		};
		A26DCD582BB7CCCE00BA1DEF /* Model */ = {
			isa = PBXGroup;
			children = (
				A26DCD592BB7CD0300BA1DEF /* Pokemon.swift */,
				A26DCD972BB81C3000BA1DEF /* PokemonDetail.swift */,
			);
			path = Model;
			sourceTree = "<group>";
		};
		A26DCD992BB82C5600BA1DEF /* Application */ = {
			isa = PBXGroup;
			children = (
				A26DCCFB2BB6677400BA1DEF /* AppDelegate.swift */,
				A26DCCFD2BB6677400BA1DEF /* SceneDelegate.swift */,
				A26DCDB42BB99E1000BA1DEF /* ApplicationCoordinator.swift */,
			);
			path = Application;
			sourceTree = "<group>";
		};
		A26DCD9A2BB8F48200BA1DEF /* Scene */ = {
			isa = PBXGroup;
			children = (
				A26DCDAD2BB9821A00BA1DEF /* PokemonDetail */,
				A26DCD9D2BB8F5D100BA1DEF /* PokemonList */,
			);
			path = Scene;
			sourceTree = "<group>";
		};
		A26DCD9D2BB8F5D100BA1DEF /* PokemonList */ = {
			isa = PBXGroup;
			children = (
				A26DCDA02BB8FD7600BA1DEF /* View */,
				A26DCD9B2BB8F59B00BA1DEF /* PokemonListViewController.swift */,
				A26DCD9E2BB8F5F500BA1DEF /* PokemonListViewModel.swift */,
				A26DCDB62BB9A01D00BA1DEF /* PokemonListCoordinator.swift */,
			);
			path = PokemonList;
			sourceTree = "<group>";
		};
		A26DCDA02BB8FD7600BA1DEF /* View */ = {
			isa = PBXGroup;
			children = (
				A26DCDA12BB8FD9700BA1DEF /* PokemonListTableViewCell.swift */,
				A26DCDA22BB8FD9700BA1DEF /* PokemonListTableViewCell.xib */,
			);
			path = View;
			sourceTree = "<group>";
		};
		A26DCDAD2BB9821A00BA1DEF /* PokemonDetail */ = {
			isa = PBXGroup;
			children = (
				A26DCDAE2BB9825600BA1DEF /* PokemonDetailViewController.swift */,
				A26DCDB22BB984EE00BA1DEF /* PokemonDetailViewModel.swift */,
				A26DCDAF2BB9825600BA1DEF /* PokemonDetailViewController.xib */,
				A26DCDB82BB9A32100BA1DEF /* PokemonDetailCoordinator.swift */,
			);
			path = PokemonDetail;
			sourceTree = "<group>";
		};
		A26DCDBD2BBAC03400BA1DEF /* Shared */ = {
			isa = PBXGroup;
			children = (
				A26DCDBE2BBAC04700BA1DEF /* DataService.swift */,
			);
			path = Shared;
			sourceTree = "<group>";
		};
/* End PBXGroup section */

/* Begin PBXNativeTarget section */
		A26DCCF72BB6677400BA1DEF /* pokemon */ = {
			isa = PBXNativeTarget;
			buildConfigurationList = A26DCD222BB6677700BA1DEF /* Build configuration list for PBXNativeTarget "pokemon" */;
			buildPhases = (
				A26DCCF42BB6677400BA1DEF /* Sources */,
				A26DCCF52BB6677400BA1DEF /* Frameworks */,
				A26DCCF62BB6677400BA1DEF /* Resources */,
			);
			buildRules = (
			);
			dependencies = (
			);
			name = pokemon;
			packageProductDependencies = (
				A26DCD422BB7BC9500BA1DEF /* Kingfisher */,
				A26DCD452BB7BC9F00BA1DEF /* CombineMoya */,
				A26DCD472BB7BC9F00BA1DEF /* Moya */,
				A26DCD492BB7BC9F00BA1DEF /* ReactiveMoya */,
				A26DCD4B2BB7BC9F00BA1DEF /* RxMoya */,
				A26DCDA82BB96DE300BA1DEF /* MJRefresh */,
			);
			productName = pokemon;
			productReference = A26DCCF82BB6677400BA1DEF /* pokemon.app */;
			productType = "com.apple.product-type.application";
		};
		A26DCD0D2BB6677600BA1DEF /* pokemonTests */ = {
			isa = PBXNativeTarget;
			buildConfigurationList = A26DCD252BB6677700BA1DEF /* Build configuration list for PBXNativeTarget "pokemonTests" */;
			buildPhases = (
				A26DCD0A2BB6677600BA1DEF /* Sources */,
				A26DCD0B2BB6677600BA1DEF /* Frameworks */,
				A26DCD0C2BB6677600BA1DEF /* Resources */,
			);
			buildRules = (
			);
			dependencies = (
				A26DCD102BB6677600BA1DEF /* PBXTargetDependency */,
			);
			name = pokemonTests;
			productName = pokemonTests;
			productReference = A26DCD0E2BB6677600BA1DEF /* pokemonTests.xctest */;
			productType = "com.apple.product-type.bundle.unit-test";
		};
		A26DCD172BB6677700BA1DEF /* pokemonUITests */ = {
			isa = PBXNativeTarget;
			buildConfigurationList = A26DCD282BB6677700BA1DEF /* Build configuration list for PBXNativeTarget "pokemonUITests" */;
			buildPhases = (
				A26DCD142BB6677700BA1DEF /* Sources */,
				A26DCD152BB6677700BA1DEF /* Frameworks */,
				A26DCD162BB6677700BA1DEF /* Resources */,
			);
			buildRules = (
			);
			dependencies = (
				A26DCD1A2BB6677700BA1DEF /* PBXTargetDependency */,
			);
			name = pokemonUITests;
			productName = pokemonUITests;
			productReference = A26DCD182BB6677700BA1DEF /* pokemonUITests.xctest */;
			productType = "com.apple.product-type.bundle.ui-testing";
		};
/* End PBXNativeTarget section */

/* Begin PBXProject section */
		A26DCCF02BB6677400BA1DEF /* Project object */ = {
			isa = PBXProject;
			attributes = {
				BuildIndependentTargetsInParallel = 1;
				LastSwiftUpdateCheck = 1530;
				LastUpgradeCheck = 1530;
				TargetAttributes = {
					A26DCCF72BB6677400BA1DEF = {
						CreatedOnToolsVersion = 15.3;
					};
					A26DCD0D2BB6677600BA1DEF = {
						CreatedOnToolsVersion = 15.3;
						TestTargetID = A26DCCF72BB6677400BA1DEF;
					};
					A26DCD172BB6677700BA1DEF = {
						CreatedOnToolsVersion = 15.3;
						TestTargetID = A26DCCF72BB6677400BA1DEF;
					};
				};
			};
			buildConfigurationList = A26DCCF32BB6677400BA1DEF /* Build configuration list for PBXProject "pokemon" */;
			compatibilityVersion = "Xcode 14.0";
			developmentRegion = en;
			hasScannedForEncodings = 0;
			knownRegions = (
				en,
				Base,
			);
			mainGroup = A26DCCEF2BB6677400BA1DEF;
			packageReferences = (
				A26DCD412BB7BC9500BA1DEF /* XCRemoteSwiftPackageReference "Kingfisher" */,
				A26DCD442BB7BC9F00BA1DEF /* XCRemoteSwiftPackageReference "Moya" */,
				A26DCDA72BB96DE300BA1DEF /* XCRemoteSwiftPackageReference "MJRefresh" */,
			);
			productRefGroup = A26DCCF92BB6677400BA1DEF /* Products */;
			projectDirPath = "";
			projectRoot = "";
			targets = (
				A26DCCF72BB6677400BA1DEF /* pokemon */,
				A26DCD0D2BB6677600BA1DEF /* pokemonTests */,
				A26DCD172BB6677700BA1DEF /* pokemonUITests */,
			);
		};
/* End PBXProject section */

/* Begin PBXResourcesBuildPhase section */
		A26DCCF62BB6677400BA1DEF /* Resources */ = {
			isa = PBXResourcesBuildPhase;
			buildActionMask = 2147483647;
			files = (
				A26DCD052BB6677600BA1DEF /* Assets.xcassets in Resources */,
				A26DCDA32BB8FD9700BA1DEF /* PokemonListTableViewCell.xib in Resources */,
				A26DCD082BB6677600BA1DEF /* Base in Resources */,
				A26DCDB02BB9825600BA1DEF /* PokemonDetailViewController.xib in Resources */,
			);
			runOnlyForDeploymentPostprocessing = 0;
		};
		A26DCD0C2BB6677600BA1DEF /* Resources */ = {
			isa = PBXResourcesBuildPhase;
			buildActionMask = 2147483647;
			files = (
			);
			runOnlyForDeploymentPostprocessing = 0;
		};
		A26DCD162BB6677700BA1DEF /* Resources */ = {
			isa = PBXResourcesBuildPhase;
			buildActionMask = 2147483647;
			files = (
			);
			runOnlyForDeploymentPostprocessing = 0;
		};
/* End PBXResourcesBuildPhase section */

/* Begin PBXSourcesBuildPhase section */
		A26DCCF42BB6677400BA1DEF /* Sources */ = {
			isa = PBXSourcesBuildPhase;
			buildActionMask = 2147483647;
			files = (
				A26DCD5A2BB7CD0300BA1DEF /* Pokemon.swift in Sources */,
				A26DCD542BB7CB1400BA1DEF /* CustomTargetType.swift in Sources */,
				A26DCD522BB7BDB300BA1DEF /* URLDomain.swift in Sources */,
				A26DCCFC2BB6677400BA1DEF /* AppDelegate.swift in Sources */,
				A26DCCFE2BB6677400BA1DEF /* SceneDelegate.swift in Sources */,
				A26DCDB12BB9825600BA1DEF /* PokemonDetailViewController.swift in Sources */,
				A26DCDBC2BBABFE900BA1DEF /* Pokemon.xcdatamodeld in Sources */,
				A26DCD572BB7CBB600BA1DEF /* PokemonAPIs.swift in Sources */,
				A26DCD982BB81C3000BA1DEF /* PokemonDetail.swift in Sources */,
				A26DCDBF2BBAC04700BA1DEF /* DataService.swift in Sources */,
				A26DCDA42BB8FD9700BA1DEF /* PokemonListTableViewCell.swift in Sources */,
				A26DCDB92BB9A32100BA1DEF /* PokemonDetailCoordinator.swift in Sources */,
				A26DCD9F2BB8F5F500BA1DEF /* PokemonListViewModel.swift in Sources */,
				A26DCDB32BB984EE00BA1DEF /* PokemonDetailViewModel.swift in Sources */,
				A26DCD9C2BB8F59B00BA1DEF /* PokemonListViewController.swift in Sources */,
				A26DCD502BB7BD0400BA1DEF /* PokemanService.swift in Sources */,
				A26DCDB72BB9A01D00BA1DEF /* PokemonListCoordinator.swift in Sources */,
				A26DCDB52BB99E1000BA1DEF /* ApplicationCoordinator.swift in Sources */,
			);
			runOnlyForDeploymentPostprocessing = 0;
		};
		A26DCD0A2BB6677600BA1DEF /* Sources */ = {
			isa = PBXSourcesBuildPhase;
			buildActionMask = 2147483647;
			files = (
				A26DCD132BB6677700BA1DEF /* PokemonAPIsTests.swift in Sources */,
				A26DCDA62BB9621100BA1DEF /* PokemonListViewModelTests.swift in Sources */,
			);
			runOnlyForDeploymentPostprocessing = 0;
		};
		A26DCD142BB6677700BA1DEF /* Sources */ = {
			isa = PBXSourcesBuildPhase;
			buildActionMask = 2147483647;
			files = (
				A26DCD1F2BB6677700BA1DEF /* pokemonUITestsLaunchTests.swift in Sources */,
				A26DCD1D2BB6677700BA1DEF /* pokemonUITests.swift in Sources */,
			);
			runOnlyForDeploymentPostprocessing = 0;
		};
/* End PBXSourcesBuildPhase section */

/* Begin PBXTargetDependency section */
		A26DCD102BB6677600BA1DEF /* PBXTargetDependency */ = {
			isa = PBXTargetDependency;
			target = A26DCCF72BB6677400BA1DEF /* pokemon */;
			targetProxy = A26DCD0F2BB6677600BA1DEF /* PBXContainerItemProxy */;
		};
		A26DCD1A2BB6677700BA1DEF /* PBXTargetDependency */ = {
			isa = PBXTargetDependency;
			target = A26DCCF72BB6677400BA1DEF /* pokemon */;
			targetProxy = A26DCD192BB6677700BA1DEF /* PBXContainerItemProxy */;
		};
/* End PBXTargetDependency section */

/* Begin PBXVariantGroup section */
		A26DCD062BB6677600BA1DEF /* LaunchScreen.storyboard */ = {
			isa = PBXVariantGroup;
			children = (
				A26DCD072BB6677600BA1DEF /* Base */,
			);
			name = LaunchScreen.storyboard;
			sourceTree = "<group>";
		};
/* End PBXVariantGroup section */

/* Begin XCBuildConfiguration section */
		A26DCD202BB6677700BA1DEF /* Debug */ = {
			isa = XCBuildConfiguration;
			buildSettings = {
				ALWAYS_SEARCH_USER_PATHS = NO;
				ASSETCATALOG_COMPILER_GENERATE_SWIFT_ASSET_SYMBOL_EXTENSIONS = YES;
				CLANG_ANALYZER_NONNULL = YES;
				CLANG_ANALYZER_NUMBER_OBJECT_CONVERSION = YES_AGGRESSIVE;
				CLANG_CXX_LANGUAGE_STANDARD = "gnu++20";
				CLANG_ENABLE_MODULES = YES;
				CLANG_ENABLE_OBJC_ARC = YES;
				CLANG_ENABLE_OBJC_WEAK = YES;
				CLANG_WARN_BLOCK_CAPTURE_AUTORELEASING = YES;
				CLANG_WARN_BOOL_CONVERSION = YES;
				CLANG_WARN_COMMA = YES;
				CLANG_WARN_CONSTANT_CONVERSION = YES;
				CLANG_WARN_DEPRECATED_OBJC_IMPLEMENTATIONS = YES;
				CLANG_WARN_DIRECT_OBJC_ISA_USAGE = YES_ERROR;
				CLANG_WARN_DOCUMENTATION_COMMENTS = YES;
				CLANG_WARN_EMPTY_BODY = YES;
				CLANG_WARN_ENUM_CONVERSION = YES;
				CLANG_WARN_INFINITE_RECURSION = YES;
				CLANG_WARN_INT_CONVERSION = YES;
				CLANG_WARN_NON_LITERAL_NULL_CONVERSION = YES;
				CLANG_WARN_OBJC_IMPLICIT_RETAIN_SELF = YES;
				CLANG_WARN_OBJC_LITERAL_CONVERSION = YES;
				CLANG_WARN_OBJC_ROOT_CLASS = YES_ERROR;
				CLANG_WARN_QUOTED_INCLUDE_IN_FRAMEWORK_HEADER = YES;
				CLANG_WARN_RANGE_LOOP_ANALYSIS = YES;
				CLANG_WARN_STRICT_PROTOTYPES = YES;
				CLANG_WARN_SUSPICIOUS_MOVE = YES;
				CLANG_WARN_UNGUARDED_AVAILABILITY = YES_AGGRESSIVE;
				CLANG_WARN_UNREACHABLE_CODE = YES;
				CLANG_WARN__DUPLICATE_METHOD_MATCH = YES;
				COPY_PHASE_STRIP = NO;
				DEBUG_INFORMATION_FORMAT = dwarf;
				ENABLE_STRICT_OBJC_MSGSEND = YES;
				ENABLE_TESTABILITY = YES;
				ENABLE_USER_SCRIPT_SANDBOXING = YES;
				GCC_C_LANGUAGE_STANDARD = gnu17;
				GCC_DYNAMIC_NO_PIC = NO;
				GCC_NO_COMMON_BLOCKS = YES;
				GCC_OPTIMIZATION_LEVEL = 0;
				GCC_PREPROCESSOR_DEFINITIONS = (
					"DEBUG=1",
					"$(inherited)",
				);
				GCC_WARN_64_TO_32_BIT_CONVERSION = YES;
				GCC_WARN_ABOUT_RETURN_TYPE = YES_ERROR;
				GCC_WARN_UNDECLARED_SELECTOR = YES;
				GCC_WARN_UNINITIALIZED_AUTOS = YES_AGGRESSIVE;
				GCC_WARN_UNUSED_FUNCTION = YES;
				GCC_WARN_UNUSED_VARIABLE = YES;
				IPHONEOS_DEPLOYMENT_TARGET = 17.4;
				LOCALIZATION_PREFERS_STRING_CATALOGS = YES;
				MTL_ENABLE_DEBUG_INFO = INCLUDE_SOURCE;
				MTL_FAST_MATH = YES;
				ONLY_ACTIVE_ARCH = YES;
				SDKROOT = iphoneos;
				SWIFT_ACTIVE_COMPILATION_CONDITIONS = "DEBUG $(inherited)";
				SWIFT_OPTIMIZATION_LEVEL = "-Onone";
			};
			name = Debug;
		};
		A26DCD212BB6677700BA1DEF /* Release */ = {
			isa = XCBuildConfiguration;
			buildSettings = {
				ALWAYS_SEARCH_USER_PATHS = NO;
				ASSETCATALOG_COMPILER_GENERATE_SWIFT_ASSET_SYMBOL_EXTENSIONS = YES;
				CLANG_ANALYZER_NONNULL = YES;
				CLANG_ANALYZER_NUMBER_OBJECT_CONVERSION = YES_AGGRESSIVE;
				CLANG_CXX_LANGUAGE_STANDARD = "gnu++20";
				CLANG_ENABLE_MODULES = YES;
				CLANG_ENABLE_OBJC_ARC = YES;
				CLANG_ENABLE_OBJC_WEAK = YES;
				CLANG_WARN_BLOCK_CAPTURE_AUTORELEASING = YES;
				CLANG_WARN_BOOL_CONVERSION = YES;
				CLANG_WARN_COMMA = YES;
				CLANG_WARN_CONSTANT_CONVERSION = YES;
				CLANG_WARN_DEPRECATED_OBJC_IMPLEMENTATIONS = YES;
				CLANG_WARN_DIRECT_OBJC_ISA_USAGE = YES_ERROR;
				CLANG_WARN_DOCUMENTATION_COMMENTS = YES;
				CLANG_WARN_EMPTY_BODY = YES;
				CLANG_WARN_ENUM_CONVERSION = YES;
				CLANG_WARN_INFINITE_RECURSION = YES;
				CLANG_WARN_INT_CONVERSION = YES;
				CLANG_WARN_NON_LITERAL_NULL_CONVERSION = YES;
				CLANG_WARN_OBJC_IMPLICIT_RETAIN_SELF = YES;
				CLANG_WARN_OBJC_LITERAL_CONVERSION = YES;
				CLANG_WARN_OBJC_ROOT_CLASS = YES_ERROR;
				CLANG_WARN_QUOTED_INCLUDE_IN_FRAMEWORK_HEADER = YES;
				CLANG_WARN_RANGE_LOOP_ANALYSIS = YES;
				CLANG_WARN_STRICT_PROTOTYPES = YES;
				CLANG_WARN_SUSPICIOUS_MOVE = YES;
				CLANG_WARN_UNGUARDED_AVAILABILITY = YES_AGGRESSIVE;
				CLANG_WARN_UNREACHABLE_CODE = YES;
				CLANG_WARN__DUPLICATE_METHOD_MATCH = YES;
				COPY_PHASE_STRIP = NO;
				DEBUG_INFORMATION_FORMAT = "dwarf-with-dsym";
				ENABLE_NS_ASSERTIONS = NO;
				ENABLE_STRICT_OBJC_MSGSEND = YES;
				ENABLE_USER_SCRIPT_SANDBOXING = YES;
				GCC_C_LANGUAGE_STANDARD = gnu17;
				GCC_NO_COMMON_BLOCKS = YES;
				GCC_WARN_64_TO_32_BIT_CONVERSION = YES;
				GCC_WARN_ABOUT_RETURN_TYPE = YES_ERROR;
				GCC_WARN_UNDECLARED_SELECTOR = YES;
				GCC_WARN_UNINITIALIZED_AUTOS = YES_AGGRESSIVE;
				GCC_WARN_UNUSED_FUNCTION = YES;
				GCC_WARN_UNUSED_VARIABLE = YES;
				IPHONEOS_DEPLOYMENT_TARGET = 17.4;
				LOCALIZATION_PREFERS_STRING_CATALOGS = YES;
				MTL_ENABLE_DEBUG_INFO = NO;
				MTL_FAST_MATH = YES;
				SDKROOT = iphoneos;
				SWIFT_COMPILATION_MODE = wholemodule;
				VALIDATE_PRODUCT = YES;
			};
			name = Release;
		};
		A26DCD232BB6677700BA1DEF /* Debug */ = {
			isa = XCBuildConfiguration;
			buildSettings = {
				ASSETCATALOG_COMPILER_APPICON_NAME = AppIcon;
				ASSETCATALOG_COMPILER_GLOBAL_ACCENT_COLOR_NAME = AccentColor;
				CODE_SIGN_STYLE = Automatic;
				CURRENT_PROJECT_VERSION = 1;
				DEVELOPMENT_TEAM = E5XG4W73CR;
				GENERATE_INFOPLIST_FILE = YES;
				INFOPLIST_FILE = pokemon/Info.plist;
				INFOPLIST_KEY_UIApplicationSupportsIndirectInputEvents = YES;
				INFOPLIST_KEY_UILaunchStoryboardName = LaunchScreen;
				INFOPLIST_KEY_UISupportedInterfaceOrientations_iPad = "UIInterfaceOrientationPortrait UIInterfaceOrientationPortraitUpsideDown UIInterfaceOrientationLandscapeLeft UIInterfaceOrientationLandscapeRight";
				INFOPLIST_KEY_UISupportedInterfaceOrientations_iPhone = "UIInterfaceOrientationPortrait UIInterfaceOrientationLandscapeLeft UIInterfaceOrientationLandscapeRight";
				LD_RUNPATH_SEARCH_PATHS = (
					"$(inherited)",
					"@executable_path/Frameworks",
				);
				MARKETING_VERSION = 1.0;
				PRODUCT_BUNDLE_IDENTIFIER = com.pokemon;
				PRODUCT_NAME = "$(TARGET_NAME)";
				SWIFT_EMIT_LOC_STRINGS = YES;
				SWIFT_VERSION = 5.0;
				TARGETED_DEVICE_FAMILY = "1,2";
			};
			name = Debug;
		};
		A26DCD242BB6677700BA1DEF /* Release */ = {
			isa = XCBuildConfiguration;
			buildSettings = {
				ASSETCATALOG_COMPILER_APPICON_NAME = AppIcon;
				ASSETCATALOG_COMPILER_GLOBAL_ACCENT_COLOR_NAME = AccentColor;
				CODE_SIGN_STYLE = Automatic;
				CURRENT_PROJECT_VERSION = 1;
				DEVELOPMENT_TEAM = E5XG4W73CR;
				GENERATE_INFOPLIST_FILE = YES;
				INFOPLIST_FILE = pokemon/Info.plist;
				INFOPLIST_KEY_UIApplicationSupportsIndirectInputEvents = YES;
				INFOPLIST_KEY_UILaunchStoryboardName = LaunchScreen;
				INFOPLIST_KEY_UISupportedInterfaceOrientations_iPad = "UIInterfaceOrientationPortrait UIInterfaceOrientationPortraitUpsideDown UIInterfaceOrientationLandscapeLeft UIInterfaceOrientationLandscapeRight";
				INFOPLIST_KEY_UISupportedInterfaceOrientations_iPhone = "UIInterfaceOrientationPortrait UIInterfaceOrientationLandscapeLeft UIInterfaceOrientationLandscapeRight";
				LD_RUNPATH_SEARCH_PATHS = (
					"$(inherited)",
					"@executable_path/Frameworks",
				);
				MARKETING_VERSION = 1.0;
				PRODUCT_BUNDLE_IDENTIFIER = com.pokemon;
				PRODUCT_NAME = "$(TARGET_NAME)";
				SWIFT_EMIT_LOC_STRINGS = YES;
				SWIFT_VERSION = 5.0;
				TARGETED_DEVICE_FAMILY = "1,2";
			};
			name = Release;
		};
		A26DCD262BB6677700BA1DEF /* Debug */ = {
			isa = XCBuildConfiguration;
			buildSettings = {
				ALWAYS_EMBED_SWIFT_STANDARD_LIBRARIES = YES;
				BUNDLE_LOADER = "$(TEST_HOST)";
				CODE_SIGN_STYLE = Automatic;
				CURRENT_PROJECT_VERSION = 1;
				DEVELOPMENT_TEAM = E5XG4W73CR;
				GENERATE_INFOPLIST_FILE = YES;
				IPHONEOS_DEPLOYMENT_TARGET = 17.4;
				MARKETING_VERSION = 1.0;
				PRODUCT_BUNDLE_IDENTIFIER = com.pokemonTests;
				PRODUCT_NAME = "$(TARGET_NAME)";
				SWIFT_EMIT_LOC_STRINGS = NO;
				SWIFT_VERSION = 5.0;
				TARGETED_DEVICE_FAMILY = "1,2";
				TEST_HOST = "$(BUILT_PRODUCTS_DIR)/pokemon.app/$(BUNDLE_EXECUTABLE_FOLDER_PATH)/pokemon";
			};
			name = Debug;
		};
		A26DCD272BB6677700BA1DEF /* Release */ = {
			isa = XCBuildConfiguration;
			buildSettings = {
				ALWAYS_EMBED_SWIFT_STANDARD_LIBRARIES = YES;
				BUNDLE_LOADER = "$(TEST_HOST)";
				CODE_SIGN_STYLE = Automatic;
				CURRENT_PROJECT_VERSION = 1;
				DEVELOPMENT_TEAM = E5XG4W73CR;
				GENERATE_INFOPLIST_FILE = YES;
				IPHONEOS_DEPLOYMENT_TARGET = 17.4;
				MARKETING_VERSION = 1.0;
				PRODUCT_BUNDLE_IDENTIFIER = com.pokemonTests;
				PRODUCT_NAME = "$(TARGET_NAME)";
				SWIFT_EMIT_LOC_STRINGS = NO;
				SWIFT_VERSION = 5.0;
				TARGETED_DEVICE_FAMILY = "1,2";
				TEST_HOST = "$(BUILT_PRODUCTS_DIR)/pokemon.app/$(BUNDLE_EXECUTABLE_FOLDER_PATH)/pokemon";
			};
			name = Release;
		};
		A26DCD292BB6677700BA1DEF /* Debug */ = {
			isa = XCBuildConfiguration;
			buildSettings = {
				ALWAYS_EMBED_SWIFT_STANDARD_LIBRARIES = YES;
				CODE_SIGN_STYLE = Automatic;
				CURRENT_PROJECT_VERSION = 1;
				DEVELOPMENT_TEAM = E5XG4W73CR;
				GENERATE_INFOPLIST_FILE = YES;
				MARKETING_VERSION = 1.0;
				PRODUCT_BUNDLE_IDENTIFIER = com.pokemonUITests;
				PRODUCT_NAME = "$(TARGET_NAME)";
				SWIFT_EMIT_LOC_STRINGS = NO;
				SWIFT_VERSION = 5.0;
				TARGETED_DEVICE_FAMILY = "1,2";
				TEST_TARGET_NAME = pokemon;
			};
			name = Debug;
		};
		A26DCD2A2BB6677700BA1DEF /* Release */ = {
			isa = XCBuildConfiguration;
			buildSettings = {
				ALWAYS_EMBED_SWIFT_STANDARD_LIBRARIES = YES;
				CODE_SIGN_STYLE = Automatic;
				CURRENT_PROJECT_VERSION = 1;
				DEVELOPMENT_TEAM = E5XG4W73CR;
				GENERATE_INFOPLIST_FILE = YES;
				MARKETING_VERSION = 1.0;
				PRODUCT_BUNDLE_IDENTIFIER = com.pokemonUITests;
				PRODUCT_NAME = "$(TARGET_NAME)";
				SWIFT_EMIT_LOC_STRINGS = NO;
				SWIFT_VERSION = 5.0;
				TARGETED_DEVICE_FAMILY = "1,2";
				TEST_TARGET_NAME = pokemon;
			};
			name = Release;
		};
/* End XCBuildConfiguration section */

/* Begin XCConfigurationList section */
		A26DCCF32BB6677400BA1DEF /* Build configuration list for PBXProject "pokemon" */ = {
			isa = XCConfigurationList;
			buildConfigurations = (
				A26DCD202BB6677700BA1DEF /* Debug */,
				A26DCD212BB6677700BA1DEF /* Release */,
			);
			defaultConfigurationIsVisible = 0;
			defaultConfigurationName = Release;
		};
		A26DCD222BB6677700BA1DEF /* Build configuration list for PBXNativeTarget "pokemon" */ = {
			isa = XCConfigurationList;
			buildConfigurations = (
				A26DCD232BB6677700BA1DEF /* Debug */,
				A26DCD242BB6677700BA1DEF /* Release */,
			);
			defaultConfigurationIsVisible = 0;
			defaultConfigurationName = Release;
		};
		A26DCD252BB6677700BA1DEF /* Build configuration list for PBXNativeTarget "pokemonTests" */ = {
			isa = XCConfigurationList;
			buildConfigurations = (
				A26DCD262BB6677700BA1DEF /* Debug */,
				A26DCD272BB6677700BA1DEF /* Release */,
			);
			defaultConfigurationIsVisible = 0;
			defaultConfigurationName = Release;
		};
		A26DCD282BB6677700BA1DEF /* Build configuration list for PBXNativeTarget "pokemonUITests" */ = {
			isa = XCConfigurationList;
			buildConfigurations = (
				A26DCD292BB6677700BA1DEF /* Debug */,
				A26DCD2A2BB6677700BA1DEF /* Release */,
			);
			defaultConfigurationIsVisible = 0;
			defaultConfigurationName = Release;
		};
/* End XCConfigurationList section */

/* Begin XCRemoteSwiftPackageReference section */
		A26DCD412BB7BC9500BA1DEF /* XCRemoteSwiftPackageReference "Kingfisher" */ = {
			isa = XCRemoteSwiftPackageReference;
			repositoryURL = "https://github.com/onevcat/Kingfisher.git";
			requirement = {
				kind = upToNextMajorVersion;
				minimumVersion = 7.11.0;
			};
		};
		A26DCD442BB7BC9F00BA1DEF /* XCRemoteSwiftPackageReference "Moya" */ = {
			isa = XCRemoteSwiftPackageReference;
			repositoryURL = "https://github.com/Moya/Moya.git";
			requirement = {
				kind = upToNextMajorVersion;
				minimumVersion = 15.0.3;
			};
		};
		A26DCDA72BB96DE300BA1DEF /* XCRemoteSwiftPackageReference "MJRefresh" */ = {
			isa = XCRemoteSwiftPackageReference;
			repositoryURL = "https://github.com/CoderMJLee/MJRefresh";
			requirement = {
				kind = upToNextMajorVersion;
				minimumVersion = 3.7.9;
			};
		};
/* End XCRemoteSwiftPackageReference section */

/* Begin XCSwiftPackageProductDependency section */
		A26DCD422BB7BC9500BA1DEF /* Kingfisher */ = {
			isa = XCSwiftPackageProductDependency;
			package = A26DCD412BB7BC9500BA1DEF /* XCRemoteSwiftPackageReference "Kingfisher" */;
			productName = Kingfisher;
		};
		A26DCD452BB7BC9F00BA1DEF /* CombineMoya */ = {
			isa = XCSwiftPackageProductDependency;
			package = A26DCD442BB7BC9F00BA1DEF /* XCRemoteSwiftPackageReference "Moya" */;
			productName = CombineMoya;
		};
		A26DCD472BB7BC9F00BA1DEF /* Moya */ = {
			isa = XCSwiftPackageProductDependency;
			package = A26DCD442BB7BC9F00BA1DEF /* XCRemoteSwiftPackageReference "Moya" */;
			productName = Moya;
		};
		A26DCD492BB7BC9F00BA1DEF /* ReactiveMoya */ = {
			isa = XCSwiftPackageProductDependency;
			package = A26DCD442BB7BC9F00BA1DEF /* XCRemoteSwiftPackageReference "Moya" */;
			productName = ReactiveMoya;
		};
		A26DCD4B2BB7BC9F00BA1DEF /* RxMoya */ = {
			isa = XCSwiftPackageProductDependency;
			package = A26DCD442BB7BC9F00BA1DEF /* XCRemoteSwiftPackageReference "Moya" */;
			productName = RxMoya;
		};
		A26DCDA82BB96DE300BA1DEF /* MJRefresh */ = {
			isa = XCSwiftPackageProductDependency;
			package = A26DCDA72BB96DE300BA1DEF /* XCRemoteSwiftPackageReference "MJRefresh" */;
			productName = MJRefresh;
		};
/* End XCSwiftPackageProductDependency section */

/* Begin XCVersionGroup section */
		A26DCDBA2BBABFE900BA1DEF /* Pokemon.xcdatamodeld */ = {
			isa = XCVersionGroup;
			children = (
				A26DCDBB2BBABFE900BA1DEF /* Pokemon.xcdatamodel */,
			);
			currentVersion = A26DCDBB2BBABFE900BA1DEF /* Pokemon.xcdatamodel */;
			path = Pokemon.xcdatamodeld;
			sourceTree = "<group>";
			versionGroupType = wrapper.xcdatamodel;
		};
/* End XCVersionGroup section */
	};
	rootObject = A26DCCF02BB6677400BA1DEF /* Project object */;
}
